
Microsoft Visual Studio Solution File, Format Version 12.00
# Visual Studio Version 16
VisualStudioVersion = 16.0.32510.428
MinimumVisualStudioVersion = 10.0.40219.1
Project("{FAE04EC0-301F-11D3-BF4B-00C04F79EFBC}") = "Topic6_homework", "Topic6_homework.csproj", "{A9B6774D-AB8F-495B-9C64-90C956114792}"
EndProject
Global
	GlobalSection(SolutionConfigurationPlatforms) = preSolution
		Debug|Any CPU = Debug|Any CPU
		Release|Any CPU = Release|Any CPU
	EndGlobalSection
	GlobalSection(ProjectConfigurationPlatforms) = postSolution
		{A9B6774D-AB8F-495B-9C64-90C956114792}.Debug|Any CPU.ActiveCfg = Debug|Any CPU
		{A9B6774D-AB8F-495B-9C64-90C956114792}.Debug|Any CPU.Build.0 = Debug|Any CPU
		{A9B6774D-AB8F-495B-9C64-90C956114792}.Release|Any CPU.ActiveCfg = Release|Any CPU
		{A9B6774D-AB8F-495B-9C64-90C956114792}.Release|Any CPU.Build.0 = Release|Any CPU
	EndGlobalSection
	GlobalSection(SolutionProperties) = preSolution
		HideSolutionNode = FALSE
	EndGlobalSection
	GlobalSection(ExtensibilityGlobals) = postSolution
		SolutionGuid = {FE259C66-4EA4-451C-B326-5B61542D32E2}
	EndGlobalSection
EndGlobal
