
Microsoft Visual Studio Solution File, Format Version 12.00
# Visual Studio Version 16
VisualStudioVersion = 16.0.32510.428
MinimumVisualStudioVersion = 10.0.40219.1
Project("{FAE04EC0-301F-11D3-BF4B-00C04F79EFBC}") = "Topic_7", "Topic_7.csproj", "{C2B7F4C0-E54B-43D4-980A-C2A184DA4942}"
EndProject
Global
	GlobalSection(SolutionConfigurationPlatforms) = preSolution
		Debug|Any CPU = Debug|Any CPU
		Release|Any CPU = Release|Any CPU
	EndGlobalSection
	GlobalSection(ProjectConfigurationPlatforms) = postSolution
		{C2B7F4C0-E54B-43D4-980A-C2A184DA4942}.Debug|Any CPU.ActiveCfg = Debug|Any CPU
		{C2B7F4C0-E54B-43D4-980A-C2A184DA4942}.Debug|Any CPU.Build.0 = Debug|Any CPU
		{C2B7F4C0-E54B-43D4-980A-C2A184DA4942}.Release|Any CPU.ActiveCfg = Release|Any CPU
		{C2B7F4C0-E54B-43D4-980A-C2A184DA4942}.Release|Any CPU.Build.0 = Release|Any CPU
	EndGlobalSection
	GlobalSection(SolutionProperties) = preSolution
		HideSolutionNode = FALSE
	EndGlobalSection
	GlobalSection(ExtensibilityGlobals) = postSolution
		SolutionGuid = {C5286F41-0F70-4587-AC44-E9616DA06E06}
	EndGlobalSection
EndGlobal
